
Microsoft Visual Studio Solution File, Format Version 12.00
# Visual Studio Version 16
VisualStudioVersion = 16.0.30225.117
MinimumVisualStudioVersion = 10.0.40219.1
Project("{888888A0-9F3D-457C-B088-3A5042F75D52}") = "Analityc hierarchy process", "Analityc hierarchy process.pyproj", "{B422AE70-E90C-4034-9552-C4FC6B61CAEF}"
EndProject
Global
	GlobalSection(SolutionConfigurationPlatforms) = preSolution
		Debug|Any CPU = Debug|Any CPU
		Release|Any CPU = Release|Any CPU
	EndGlobalSection
	GlobalSection(ProjectConfigurationPlatforms) = postSolution
		{B422AE70-E90C-4034-9552-C4FC6B61CAEF}.Debug|Any CPU.ActiveCfg = Debug|Any CPU
		{B422AE70-E90C-4034-9552-C4FC6B61CAEF}.Release|Any CPU.ActiveCfg = Release|Any CPU
	EndGlobalSection
	GlobalSection(SolutionProperties) = preSolution
		HideSolutionNode = FALSE
	EndGlobalSection
	GlobalSection(ExtensibilityGlobals) = postSolution
		SolutionGuid = {9DC413E6-465C-4F29-B275-38594B204476}
	EndGlobalSection
EndGlobal
